
Microsoft Visual Studio Solution File, Format Version 12.00
# Visual Studio Version 16
VisualStudioVersion = 16.0.29318.209
MinimumVisualStudioVersion = 10.0.40219.1
Project("{FAE04EC0-301F-11D3-BF4B-00C04F79EFBC}") = "OOP-1", "OOP-1.csproj", "{4508416E-B806-4AF6-8CC1-2E7EC9905219}"
EndProject
Global
	GlobalSection(SolutionConfigurationPlatforms) = preSolution
		Debug|Any CPU = Debug|Any CPU
		Release|Any CPU = Release|Any CPU
	EndGlobalSection
	GlobalSection(ProjectConfigurationPlatforms) = postSolution
		{4508416E-B806-4AF6-8CC1-2E7EC9905219}.Debug|Any CPU.ActiveCfg = Debug|Any CPU
		{4508416E-B806-4AF6-8CC1-2E7EC9905219}.Debug|Any CPU.Build.0 = Debug|Any CPU
		{4508416E-B806-4AF6-8CC1-2E7EC9905219}.Release|Any CPU.ActiveCfg = Release|Any CPU
		{4508416E-B806-4AF6-8CC1-2E7EC9905219}.Release|Any CPU.Build.0 = Release|Any CPU
	EndGlobalSection
	GlobalSection(SolutionProperties) = preSolution
		HideSolutionNode = FALSE
	EndGlobalSection
	GlobalSection(ExtensibilityGlobals) = postSolution
		SolutionGuid = {6A449D5C-6D73-4C78-B291-520EF2D4C897}
	EndGlobalSection
EndGlobal
